// !$*UTF8*$!
{
	archiveVersion = 1;
	classes = {
	};
	objectVersion = 50;
	objects = {

/* Begin PBXBuildFile section */
		343E12B92487A2C50067F56C /* scanner.c in Sources */ = {isa = PBXBuildFile; fileRef = 343E12952487A2C50067F56C /* scanner.c */; };
		343E12C62487A3120067F56C /* queries in Resources */ = {isa = PBXBuildFile; fileRef = 343E12C52487A3120067F56C /* queries */; };
		343E133D2487A77C0067F56C /* parser.c in Sources */ = {isa = PBXBuildFile; fileRef = 343E133C2487A77B0067F56C /* parser.c */; };
/* End PBXBuildFile section */

/* Begin PBXFileReference section */
		341784B8247FD24800843085 /* javascript.bundle */ = {isa = PBXFileReference; explicitFileType = wrapper.cfbundle; includeInIndex = 0; path = javascript.bundle; sourceTree = BUILT_PRODUCTS_DIR; };
		341784BB247FD24800843085 /* Info.plist */ = {isa = PBXFileReference; lastKnownFileType = text.plist.xml; path = Info.plist; sourceTree = "<group>"; };
		343E12712487A2C50067F56C /* .npmignore */ = {isa = PBXFileReference; fileEncoding = 4; lastKnownFileType = text; path = .npmignore; sourceTree = "<group>"; };
		343E12722487A2C50067F56C /* grammar.js */ = {isa = PBXFileReference; fileEncoding = 4; lastKnownFileType = sourcecode.javascript; path = grammar.js; sourceTree = "<group>"; };
		343E12732487A2C50067F56C /* LICENSE */ = {isa = PBXFileReference; fileEncoding = 4; lastKnownFileType = text; path = LICENSE; sourceTree = "<group>"; };
		343E12762487A2C50067F56C /* keywords.js */ = {isa = PBXFileReference; fileEncoding = 4; lastKnownFileType = sourcecode.javascript; path = keywords.js; sourceTree = "<group>"; };
		343E12772487A2C50067F56C /* variables.js */ = {isa = PBXFileReference; fileEncoding = 4; lastKnownFileType = sourcecode.javascript; path = variables.js; sourceTree = "<group>"; };
		343E12782487A2C50067F56C /* functions.js */ = {isa = PBXFileReference; fileEncoding = 4; lastKnownFileType = sourcecode.javascript; path = functions.js; sourceTree = "<group>"; };
		343E127A2487A2C50067F56C /* literals.txt */ = {isa = PBXFileReference; fileEncoding = 4; lastKnownFileType = text; path = literals.txt; sourceTree = "<group>"; };
		343E127B2487A2C50067F56C /* statements.txt */ = {isa = PBXFileReference; fileEncoding = 4; lastKnownFileType = text; path = statements.txt; sourceTree = "<group>"; };
		343E127C2487A2C50067F56C /* destructuring.txt */ = {isa = PBXFileReference; fileEncoding = 4; lastKnownFileType = text; path = destructuring.txt; sourceTree = "<group>"; };
		343E127D2487A2C50067F56C /* expressions.txt */ = {isa = PBXFileReference; fileEncoding = 4; lastKnownFileType = text; path = expressions.txt; sourceTree = "<group>"; };
		343E127E2487A2C50067F56C /* semicolon_insertion.txt */ = {isa = PBXFileReference; fileEncoding = 4; lastKnownFileType = text; path = semicolon_insertion.txt; sourceTree = "<group>"; };
		343E127F2487A2C50067F56C /* binding.gyp */ = {isa = PBXFileReference; fileEncoding = 4; lastKnownFileType = text; path = binding.gyp; sourceTree = "<group>"; };
		343E12812487A2C50067F56C /* tags.scm */ = {isa = PBXFileReference; fileEncoding = 4; lastKnownFileType = text; path = tags.scm; sourceTree = "<group>"; };
		343E12822487A2C50067F56C /* locals.scm */ = {isa = PBXFileReference; fileEncoding = 4; lastKnownFileType = text; path = locals.scm; sourceTree = "<group>"; };
		343E12832487A2C50067F56C /* highlights.scm */ = {isa = PBXFileReference; fileEncoding = 4; lastKnownFileType = text; path = highlights.scm; sourceTree = "<group>"; };
		343E12842487A2C50067F56C /* highlights-jsx.scm */ = {isa = PBXFileReference; fileEncoding = 4; lastKnownFileType = text; path = "highlights-jsx.scm"; sourceTree = "<group>"; };
		343E12852487A2C50067F56C /* injections.scm */ = {isa = PBXFileReference; fileEncoding = 4; lastKnownFileType = text; path = injections.scm; sourceTree = "<group>"; };
		343E12862487A2C50067F56C /* index.js */ = {isa = PBXFileReference; fileEncoding = 4; lastKnownFileType = sourcecode.javascript; path = index.js; sourceTree = "<group>"; };
		343E12882487A2C50067F56C /* known_failures.txt */ = {isa = PBXFileReference; fileEncoding = 4; lastKnownFileType = text; path = known_failures.txt; sourceTree = "<group>"; };
		343E12892487A2C50067F56C /* benchmark.js */ = {isa = PBXFileReference; fileEncoding = 4; lastKnownFileType = sourcecode.javascript; path = benchmark.js; sourceTree = "<group>"; };
		343E128A2487A2C50067F56C /* parse-examples */ = {isa = PBXFileReference; fileEncoding = 4; lastKnownFileType = text.script.sh; path = "parse-examples"; sourceTree = "<group>"; };
		343E128B2487A2C50067F56C /* README.md */ = {isa = PBXFileReference; fileEncoding = 4; lastKnownFileType = net.daringfireball.markdown; path = README.md; sourceTree = "<group>"; };
		343E128C2487A2C50067F56C /* appveyor.yml */ = {isa = PBXFileReference; fileEncoding = 4; lastKnownFileType = text.yaml; path = appveyor.yml; sourceTree = "<group>"; };
		343E128D2487A2C50067F56C /* .gitignore */ = {isa = PBXFileReference; fileEncoding = 4; lastKnownFileType = text; path = .gitignore; sourceTree = "<group>"; };
		343E128E2487A2C50067F56C /* package.json */ = {isa = PBXFileReference; fileEncoding = 4; lastKnownFileType = text.json; path = package.json; sourceTree = "<group>"; };
		343E12902487A2C50067F56C /* text-editor-component.js */ = {isa = PBXFileReference; fileEncoding = 4; lastKnownFileType = sourcecode.javascript; path = "text-editor-component.js"; sourceTree = "<group>"; };
		343E12912487A2C50067F56C /* jquery.js */ = {isa = PBXFileReference; fileEncoding = 4; lastKnownFileType = sourcecode.javascript; path = jquery.js; sourceTree = "<group>"; };
		343E12922487A2C50067F56C /* .gitattributes */ = {isa = PBXFileReference; fileEncoding = 4; lastKnownFileType = text; path = .gitattributes; sourceTree = "<group>"; };
		343E12932487A2C50067F56C /* .travis.yml */ = {isa = PBXFileReference; fileEncoding = 4; lastKnownFileType = text.yaml; path = .travis.yml; sourceTree = "<group>"; };
		343E12952487A2C50067F56C /* scanner.c */ = {isa = PBXFileReference; fileEncoding = 4; lastKnownFileType = sourcecode.c.c; path = scanner.c; sourceTree = "<group>"; };
		343E12962487A2C50067F56C /* binding.cc */ = {isa = PBXFileReference; fileEncoding = 4; lastKnownFileType = sourcecode.cpp.cpp; path = binding.cc; sourceTree = "<group>"; };
		343E12972487A2C50067F56C /* node-types.json */ = {isa = PBXFileReference; fileEncoding = 4; lastKnownFileType = text.json; path = "node-types.json"; sourceTree = "<group>"; };
		343E12992487A2C50067F56C /* parser.h */ = {isa = PBXFileReference; fileEncoding = 4; lastKnownFileType = sourcecode.c.h; path = parser.h; sourceTree = "<group>"; };
		343E129A2487A2C50067F56C /* grammar.json */ = {isa = PBXFileReference; fileEncoding = 4; lastKnownFileType = text.json; path = grammar.json; sourceTree = "<group>"; };
		343E129B2487A2C50067F56C /* parser.c */ = {isa = PBXFileReference; fileEncoding = 4; lastKnownFileType = sourcecode.c.c; path = parser.c; sourceTree = "<group>"; };
		343E12C52487A3120067F56C /* queries */ = {isa = PBXFileReference; lastKnownFileType = folder; name = queries; path = "tree-sitter-javascript/queries"; sourceTree = "<group>"; };
		343E133C2487A77B0067F56C /* parser.c */ = {isa = PBXFileReference; lastKnownFileType = sourcecode.c.c; name = parser.c; path = "tree-sitter-javascript/src/parser.c"; sourceTree = "<group>"; };
/* End PBXFileReference section */

/* Begin PBXFrameworksBuildPhase section */
		343E12C72487A6410067F56C /* Frameworks */ = {
			isa = PBXFrameworksBuildPhase;
			buildActionMask = 2147483647;
			files = (
			);
			runOnlyForDeploymentPostprocessing = 0;
		};
/* End PBXFrameworksBuildPhase section */

/* Begin PBXGroup section */
		341784AF247FD24800843085 = {
			isa = PBXGroup;
			children = (
				343E133C2487A77B0067F56C /* parser.c */,
				343E12C52487A3120067F56C /* queries */,
				343E12702487A2C50067F56C /* tree-sitter-javascript */,
				341784BA247FD24800843085 /* javascript */,
				341784B9247FD24800843085 /* Products */,
			);
			sourceTree = "<group>";
		};
		341784B9247FD24800843085 /* Products */ = {
			isa = PBXGroup;
			children = (
				341784B8247FD24800843085 /* javascript.bundle */,
			);
			name = Products;
			sourceTree = "<group>";
		};
		341784BA247FD24800843085 /* javascript */ = {
			isa = PBXGroup;
			children = (
				341784BB247FD24800843085 /* Info.plist */,
			);
			path = javascript;
			sourceTree = "<group>";
		};
		343E12702487A2C50067F56C /* tree-sitter-javascript */ = {
			isa = PBXGroup;
			children = (
				343E12712487A2C50067F56C /* .npmignore */,
				343E12722487A2C50067F56C /* grammar.js */,
				343E12732487A2C50067F56C /* LICENSE */,
				343E12742487A2C50067F56C /* test */,
				343E127F2487A2C50067F56C /* binding.gyp */,
				343E12802487A2C50067F56C /* queries */,
				343E12862487A2C50067F56C /* index.js */,
				343E12872487A2C50067F56C /* script */,
				343E128B2487A2C50067F56C /* README.md */,
				343E128C2487A2C50067F56C /* appveyor.yml */,
				343E128D2487A2C50067F56C /* .gitignore */,
				343E128E2487A2C50067F56C /* package.json */,
				343E128F2487A2C50067F56C /* examples */,
				343E12922487A2C50067F56C /* .gitattributes */,
				343E12932487A2C50067F56C /* .travis.yml */,
				343E12942487A2C50067F56C /* src */,
			);
			path = "tree-sitter-javascript";
			sourceTree = "<group>";
		};
		343E12742487A2C50067F56C /* test */ = {
			isa = PBXGroup;
			children = (
				343E12752487A2C50067F56C /* highlight */,
				343E12792487A2C50067F56C /* corpus */,
			);
			path = test;
			sourceTree = "<group>";
		};
		343E12752487A2C50067F56C /* highlight */ = {
			isa = PBXGroup;
			children = (
				343E12762487A2C50067F56C /* keywords.js */,
				343E12772487A2C50067F56C /* variables.js */,
				343E12782487A2C50067F56C /* functions.js */,
			);
			path = highlight;
			sourceTree = "<group>";
		};
		343E12792487A2C50067F56C /* corpus */ = {
			isa = PBXGroup;
			children = (
				343E127A2487A2C50067F56C /* literals.txt */,
				343E127B2487A2C50067F56C /* statements.txt */,
				343E127C2487A2C50067F56C /* destructuring.txt */,
				343E127D2487A2C50067F56C /* expressions.txt */,
				343E127E2487A2C50067F56C /* semicolon_insertion.txt */,
			);
			path = corpus;
			sourceTree = "<group>";
		};
		343E12802487A2C50067F56C /* queries */ = {
			isa = PBXGroup;
			children = (
				343E12812487A2C50067F56C /* tags.scm */,
				343E12822487A2C50067F56C /* locals.scm */,
				343E12832487A2C50067F56C /* highlights.scm */,
				343E12842487A2C50067F56C /* highlights-jsx.scm */,
				343E12852487A2C50067F56C /* injections.scm */,
			);
			path = queries;
			sourceTree = "<group>";
		};
		343E12872487A2C50067F56C /* script */ = {
			isa = PBXGroup;
			children = (
				343E12882487A2C50067F56C /* known_failures.txt */,
				343E12892487A2C50067F56C /* benchmark.js */,
				343E128A2487A2C50067F56C /* parse-examples */,
			);
			path = script;
			sourceTree = "<group>";
		};
		343E128F2487A2C50067F56C /* examples */ = {
			isa = PBXGroup;
			children = (
				343E12902487A2C50067F56C /* text-editor-component.js */,
				343E12912487A2C50067F56C /* jquery.js */,
			);
			path = examples;
			sourceTree = "<group>";
		};
		343E12942487A2C50067F56C /* src */ = {
			isa = PBXGroup;
			children = (
				343E12952487A2C50067F56C /* scanner.c */,
				343E12962487A2C50067F56C /* binding.cc */,
				343E12972487A2C50067F56C /* node-types.json */,
				343E12982487A2C50067F56C /* tree_sitter */,
				343E129A2487A2C50067F56C /* grammar.json */,
				343E129B2487A2C50067F56C /* parser.c */,
			);
			path = src;
			sourceTree = "<group>";
		};
		343E12982487A2C50067F56C /* tree_sitter */ = {
			isa = PBXGroup;
			children = (
				343E12992487A2C50067F56C /* parser.h */,
			);
			path = tree_sitter;
			sourceTree = "<group>";
		};
/* End PBXGroup section */

/* Begin PBXHeadersBuildPhase section */
		341784D0247FD2B500843085 /* Headers */ = {
			isa = PBXHeadersBuildPhase;
			buildActionMask = 2147483647;
			files = (
			);
			runOnlyForDeploymentPostprocessing = 0;
		};
/* End PBXHeadersBuildPhase section */

/* Begin PBXNativeTarget section */
		341784B7247FD24800843085 /* javascript */ = {
			isa = PBXNativeTarget;
			buildConfigurationList = 341784BE247FD24800843085 /* Build configuration list for PBXNativeTarget "javascript" */;
			buildPhases = (
				341784D0247FD2B500843085 /* Headers */,
				341784B4247FD24800843085 /* Sources */,
				343E12C72487A6410067F56C /* Frameworks */,
				341784B6247FD24800843085 /* Resources */,
			);
			buildRules = (
			);
			dependencies = (
			);
			name = javascript;
			productName = javascript;
			productReference = 341784B8247FD24800843085 /* javascript.bundle */;
			productType = "com.apple.product-type.bundle";
		};
/* End PBXNativeTarget section */

/* Begin PBXProject section */
		341784B0247FD24800843085 /* Project object */ = {
			isa = PBXProject;
			attributes = {
				LastUpgradeCheck = 1150;
				ORGANIZATIONNAME = viktorstrate;
				TargetAttributes = {
					341784B7247FD24800843085 = {
						CreatedOnToolsVersion = 11.5;
					};
				};
			};
			buildConfigurationList = 341784B3247FD24800843085 /* Build configuration list for PBXProject "javascript" */;
			compatibilityVersion = "Xcode 9.3";
			developmentRegion = en;
			hasScannedForEncodings = 0;
			knownRegions = (
				en,
				Base,
			);
			mainGroup = 341784AF247FD24800843085;
			productRefGroup = 341784B9247FD24800843085 /* Products */;
			projectDirPath = "";
			projectRoot = "";
			targets = (
				341784B7247FD24800843085 /* javascript */,
			);
		};
/* End PBXProject section */

/* Begin PBXResourcesBuildPhase section */
		341784B6247FD24800843085 /* Resources */ = {
			isa = PBXResourcesBuildPhase;
			buildActionMask = 2147483647;
			files = (
				343E12C62487A3120067F56C /* queries in Resources */,
			);
			runOnlyForDeploymentPostprocessing = 0;
		};
/* End PBXResourcesBuildPhase section */

/* Begin PBXSourcesBuildPhase section */
		341784B4247FD24800843085 /* Sources */ = {
			isa = PBXSourcesBuildPhase;
			buildActionMask = 2147483647;
			files = (
				343E12B92487A2C50067F56C /* scanner.c in Sources */,
				343E133D2487A77C0067F56C /* parser.c in Sources */,
			);
			runOnlyForDeploymentPostprocessing = 0;
		};
/* End PBXSourcesBuildPhase section */

/* Begin XCBuildConfiguration section */
		341784BC247FD24800843085 /* Debug */ = {
			isa = XCBuildConfiguration;
			buildSettings = {
				ALWAYS_SEARCH_USER_PATHS = NO;
				CLANG_ANALYZER_NONNULL = YES;
				CLANG_ANALYZER_NUMBER_OBJECT_CONVERSION = YES_AGGRESSIVE;
				CLANG_CXX_LANGUAGE_STANDARD = "gnu++14";
				CLANG_CXX_LIBRARY = "libc++";
				CLANG_ENABLE_MODULES = YES;
				CLANG_ENABLE_OBJC_ARC = YES;
				CLANG_ENABLE_OBJC_WEAK = YES;
				CLANG_WARN_BLOCK_CAPTURE_AUTORELEASING = YES;
				CLANG_WARN_BOOL_CONVERSION = YES;
				CLANG_WARN_COMMA = YES;
				CLANG_WARN_CONSTANT_CONVERSION = YES;
				CLANG_WARN_DEPRECATED_OBJC_IMPLEMENTATIONS = YES;
				CLANG_WARN_DIRECT_OBJC_ISA_USAGE = YES_ERROR;
				CLANG_WARN_DOCUMENTATION_COMMENTS = YES;
				CLANG_WARN_EMPTY_BODY = YES;
				CLANG_WARN_ENUM_CONVERSION = YES;
				CLANG_WARN_INFINITE_RECURSION = YES;
				CLANG_WARN_INT_CONVERSION = YES;
				CLANG_WARN_NON_LITERAL_NULL_CONVERSION = YES;
				CLANG_WARN_OBJC_IMPLICIT_RETAIN_SELF = YES;
				CLANG_WARN_OBJC_LITERAL_CONVERSION = YES;
				CLANG_WARN_OBJC_ROOT_CLASS = YES_ERROR;
				CLANG_WARN_RANGE_LOOP_ANALYSIS = YES;
				CLANG_WARN_STRICT_PROTOTYPES = YES;
				CLANG_WARN_SUSPICIOUS_MOVE = YES;
				CLANG_WARN_UNGUARDED_AVAILABILITY = YES_AGGRESSIVE;
				CLANG_WARN_UNREACHABLE_CODE = YES;
				CLANG_WARN__DUPLICATE_METHOD_MATCH = YES;
				COPY_PHASE_STRIP = NO;
				DEBUG_INFORMATION_FORMAT = dwarf;
				ENABLE_STRICT_OBJC_MSGSEND = YES;
				ENABLE_TESTABILITY = YES;
				GCC_C_LANGUAGE_STANDARD = gnu11;
				GCC_DYNAMIC_NO_PIC = NO;
				GCC_NO_COMMON_BLOCKS = YES;
				GCC_OPTIMIZATION_LEVEL = 0;
				GCC_PREPROCESSOR_DEFINITIONS = (
					"DEBUG=1",
					"$(inherited)",
				);
				GCC_WARN_64_TO_32_BIT_CONVERSION = YES;
				GCC_WARN_ABOUT_RETURN_TYPE = YES_ERROR;
				GCC_WARN_UNDECLARED_SELECTOR = YES;
				GCC_WARN_UNINITIALIZED_AUTOS = YES_AGGRESSIVE;
				GCC_WARN_UNUSED_FUNCTION = YES;
				GCC_WARN_UNUSED_VARIABLE = YES;
				MACOSX_DEPLOYMENT_TARGET = 10.15;
				MTL_ENABLE_DEBUG_INFO = INCLUDE_SOURCE;
				MTL_FAST_MATH = YES;
				ONLY_ACTIVE_ARCH = YES;
				SDKROOT = macosx;
			};
			name = Debug;
		};
		341784BD247FD24800843085 /* Release */ = {
			isa = XCBuildConfiguration;
			buildSettings = {
				ALWAYS_SEARCH_USER_PATHS = NO;
				CLANG_ANALYZER_NONNULL = YES;
				CLANG_ANALYZER_NUMBER_OBJECT_CONVERSION = YES_AGGRESSIVE;
				CLANG_CXX_LANGUAGE_STANDARD = "gnu++14";
				CLANG_CXX_LIBRARY = "libc++";
				CLANG_ENABLE_MODULES = YES;
				CLANG_ENABLE_OBJC_ARC = YES;
				CLANG_ENABLE_OBJC_WEAK = YES;
				CLANG_WARN_BLOCK_CAPTURE_AUTORELEASING = YES;
				CLANG_WARN_BOOL_CONVERSION = YES;
				CLANG_WARN_COMMA = YES;
				CLANG_WARN_CONSTANT_CONVERSION = YES;
				CLANG_WARN_DEPRECATED_OBJC_IMPLEMENTATIONS = YES;
				CLANG_WARN_DIRECT_OBJC_ISA_USAGE = YES_ERROR;
				CLANG_WARN_DOCUMENTATION_COMMENTS = YES;
				CLANG_WARN_EMPTY_BODY = YES;
				CLANG_WARN_ENUM_CONVERSION = YES;
				CLANG_WARN_INFINITE_RECURSION = YES;
				CLANG_WARN_INT_CONVERSION = YES;
				CLANG_WARN_NON_LITERAL_NULL_CONVERSION = YES;
				CLANG_WARN_OBJC_IMPLICIT_RETAIN_SELF = YES;
				CLANG_WARN_OBJC_LITERAL_CONVERSION = YES;
				CLANG_WARN_OBJC_ROOT_CLASS = YES_ERROR;
				CLANG_WARN_RANGE_LOOP_ANALYSIS = YES;
				CLANG_WARN_STRICT_PROTOTYPES = YES;
				CLANG_WARN_SUSPICIOUS_MOVE = YES;
				CLANG_WARN_UNGUARDED_AVAILABILITY = YES_AGGRESSIVE;
				CLANG_WARN_UNREACHABLE_CODE = YES;
				CLANG_WARN__DUPLICATE_METHOD_MATCH = YES;
				COPY_PHASE_STRIP = NO;
				DEBUG_INFORMATION_FORMAT = "dwarf-with-dsym";
				ENABLE_NS_ASSERTIONS = NO;
				ENABLE_STRICT_OBJC_MSGSEND = YES;
				GCC_C_LANGUAGE_STANDARD = gnu11;
				GCC_NO_COMMON_BLOCKS = YES;
				GCC_WARN_64_TO_32_BIT_CONVERSION = YES;
				GCC_WARN_ABOUT_RETURN_TYPE = YES_ERROR;
				GCC_WARN_UNDECLARED_SELECTOR = YES;
				GCC_WARN_UNINITIALIZED_AUTOS = YES_AGGRESSIVE;
				GCC_WARN_UNUSED_FUNCTION = YES;
				GCC_WARN_UNUSED_VARIABLE = YES;
				MACOSX_DEPLOYMENT_TARGET = 10.15;
				MTL_ENABLE_DEBUG_INFO = NO;
				MTL_FAST_MATH = YES;
				SDKROOT = macosx;
			};
			name = Release;
		};
		341784BF247FD24800843085 /* Debug */ = {
			isa = XCBuildConfiguration;
			buildSettings = {
				CODE_SIGN_STYLE = Automatic;
				COMBINE_HIDPI_IMAGES = YES;
				HEADER_SEARCH_PATHS = "$PROJECT_DIR/tree-sitter-javascript/src";
				INFOPLIST_FILE = javascript/Info.plist;
				INSTALL_PATH = "$(LOCAL_LIBRARY_DIR)/Bundles";
				PRODUCT_BUNDLE_IDENTIFIER = io.github.viktorstrate.SwiftTreeSitter.language.javascript;
				PRODUCT_NAME = "$(TARGET_NAME)";
				SKIP_INSTALL = YES;
				SUPPORTED_PLATFORMS = "macosx iphoneos iphonesimulator";
				VALID_ARCHS = "i386 x86_64 arm64 armv7 armv7s";
				WRAPPER_EXTENSION = bundle;
			};
			name = Debug;
		};
		341784C0247FD24800843085 /* Release */ = {
			isa = XCBuildConfiguration;
			buildSettings = {
				CODE_SIGN_STYLE = Automatic;
				COMBINE_HIDPI_IMAGES = YES;
				HEADER_SEARCH_PATHS = "$PROJECT_DIR/tree-sitter-javascript/src";
				INFOPLIST_FILE = javascript/Info.plist;
				INSTALL_PATH = "$(LOCAL_LIBRARY_DIR)/Bundles";
				PRODUCT_BUNDLE_IDENTIFIER = io.github.viktorstrate.SwiftTreeSitter.language.javascript;
				PRODUCT_NAME = "$(TARGET_NAME)";
				SKIP_INSTALL = YES;
				SUPPORTED_PLATFORMS = "macosx iphoneos iphonesimulator";
				VALID_ARCHS = "i386 x86_64 arm64 armv7 armv7s";
				WRAPPER_EXTENSION = bundle;
			};
			name = Release;
		};
/* End XCBuildConfiguration section */

/* Begin XCConfigurationList section */
		341784B3247FD24800843085 /* Build configuration list for PBXProject "javascript" */ = {
			isa = XCConfigurationList;
			buildConfigurations = (
				341784BC247FD24800843085 /* Debug */,
				341784BD247FD24800843085 /* Release */,
			);
			defaultConfigurationIsVisible = 0;
			defaultConfigurationName = Release;
		};
		341784BE247FD24800843085 /* Build configuration list for PBXNativeTarget "javascript" */ = {
			isa = XCConfigurationList;
			buildConfigurations = (
				341784BF247FD24800843085 /* Debug */,
				341784C0247FD24800843085 /* Release */,
			);
			defaultConfigurationIsVisible = 0;
			defaultConfigurationName = Release;
		};
/* End XCConfigurationList section */
	};
	rootObject = 341784B0247FD24800843085 /* Project object */;
}
