// !$*UTF8*$!
{
	archiveVersion = 1;
	classes = {
	};
	objectVersion = 50;
	objects = {

/* Begin PBXBuildFile section */
		343E13B62487A9670067F56C /* parser.c in Sources */ = {isa = PBXBuildFile; fileRef = 343E13A12487A9670067F56C /* parser.c */; };
		343E13B82487A9860067F56C /* queries in Resources */ = {isa = PBXBuildFile; fileRef = 343E13B72487A9860067F56C /* queries */; };
		343E13B92487A9950067F56C /* scanner.cc in Sources */ = {isa = PBXBuildFile; fileRef = 343E13A02487A9670067F56C /* scanner.cc */; };
/* End PBXBuildFile section */

/* Begin PBXFileReference section */
		343E10BE24859D980067F56C /* html.bundle */ = {isa = PBXFileReference; explicitFileType = wrapper.cfbundle; includeInIndex = 0; path = html.bundle; sourceTree = BUILT_PRODUCTS_DIR; };
		343E10C724859DA80067F56C /* info.plist */ = {isa = PBXFileReference; fileEncoding = 4; lastKnownFileType = text.plist.xml; path = info.plist; sourceTree = "<group>"; };
		343E13862487A9670067F56C /* .npmignore */ = {isa = PBXFileReference; fileEncoding = 4; lastKnownFileType = text; path = .npmignore; sourceTree = "<group>"; };
		343E13872487A9670067F56C /* grammar.js */ = {isa = PBXFileReference; fileEncoding = 4; lastKnownFileType = sourcecode.javascript; path = grammar.js; sourceTree = "<group>"; };
		343E13882487A9670067F56C /* LICENSE */ = {isa = PBXFileReference; fileEncoding = 4; lastKnownFileType = text; path = LICENSE; sourceTree = "<group>"; };
		343E13892487A9670067F56C /* binding.gyp */ = {isa = PBXFileReference; fileEncoding = 4; lastKnownFileType = text; path = binding.gyp; sourceTree = "<group>"; };
		343E138B2487A9670067F56C /* main.txt */ = {isa = PBXFileReference; fileEncoding = 4; lastKnownFileType = text; path = main.txt; sourceTree = "<group>"; };
		343E138D2487A9670067F56C /* highlights.scm */ = {isa = PBXFileReference; fileEncoding = 4; lastKnownFileType = text; path = highlights.scm; sourceTree = "<group>"; };
		343E138E2487A9670067F56C /* injections.scm */ = {isa = PBXFileReference; fileEncoding = 4; lastKnownFileType = text; path = injections.scm; sourceTree = "<group>"; };
		343E138F2487A9670067F56C /* index.js */ = {isa = PBXFileReference; fileEncoding = 4; lastKnownFileType = sourcecode.javascript; path = index.js; sourceTree = "<group>"; };
		343E13902487A9670067F56C /* .appveyor.yml */ = {isa = PBXFileReference; fileEncoding = 4; lastKnownFileType = text.yaml; path = .appveyor.yml; sourceTree = "<group>"; };
		343E13912487A9670067F56C /* README.md */ = {isa = PBXFileReference; fileEncoding = 4; lastKnownFileType = net.daringfireball.markdown; path = README.md; sourceTree = "<group>"; };
		343E13922487A9670067F56C /* .gitignore */ = {isa = PBXFileReference; fileEncoding = 4; lastKnownFileType = text; path = .gitignore; sourceTree = "<group>"; };
		343E13932487A9670067F56C /* package.json */ = {isa = PBXFileReference; fileEncoding = 4; lastKnownFileType = text.json; path = package.json; sourceTree = "<group>"; };
		343E13952487A9670067F56C /* deeply-nested.html */ = {isa = PBXFileReference; fileEncoding = 4; lastKnownFileType = text.html; path = "deeply-nested.html"; sourceTree = "<group>"; };
		343E13962487A9670067F56C /* deeply-nested-custom.html */ = {isa = PBXFileReference; fileEncoding = 4; lastKnownFileType = text.html; path = "deeply-nested-custom.html"; sourceTree = "<group>"; };
		343E13972487A9670067F56C /* .gitattributes */ = {isa = PBXFileReference; fileEncoding = 4; lastKnownFileType = text; path = .gitattributes; sourceTree = "<group>"; };
		343E13982487A9670067F56C /* .travis.yml */ = {isa = PBXFileReference; fileEncoding = 4; lastKnownFileType = text.yaml; path = .travis.yml; sourceTree = "<group>"; };
		343E139A2487A9670067F56C /* binding.cc */ = {isa = PBXFileReference; fileEncoding = 4; lastKnownFileType = sourcecode.cpp.cpp; path = binding.cc; sourceTree = "<group>"; };
		343E139B2487A9670067F56C /* tag.h */ = {isa = PBXFileReference; fileEncoding = 4; lastKnownFileType = sourcecode.c.h; path = tag.h; sourceTree = "<group>"; };
		343E139C2487A9670067F56C /* node-types.json */ = {isa = PBXFileReference; fileEncoding = 4; lastKnownFileType = text.json; path = "node-types.json"; sourceTree = "<group>"; };
		343E139E2487A9670067F56C /* parser.h */ = {isa = PBXFileReference; fileEncoding = 4; lastKnownFileType = sourcecode.c.h; path = parser.h; sourceTree = "<group>"; };
		343E139F2487A9670067F56C /* grammar.json */ = {isa = PBXFileReference; fileEncoding = 4; lastKnownFileType = text.json; path = grammar.json; sourceTree = "<group>"; };
		343E13A02487A9670067F56C /* scanner.cc */ = {isa = PBXFileReference; fileEncoding = 4; lastKnownFileType = sourcecode.cpp.cpp; path = scanner.cc; sourceTree = "<group>"; };
		343E13A12487A9670067F56C /* parser.c */ = {isa = PBXFileReference; fileEncoding = 4; lastKnownFileType = sourcecode.c.c; path = parser.c; sourceTree = "<group>"; };
		343E13B72487A9860067F56C /* queries */ = {isa = PBXFileReference; lastKnownFileType = folder; name = queries; path = "tree-sitter-html/queries"; sourceTree = "<group>"; };
/* End PBXFileReference section */

/* Begin PBXFrameworksBuildPhase section */
		343E10BB24859D980067F56C /* Frameworks */ = {
			isa = PBXFrameworksBuildPhase;
			buildActionMask = 2147483647;
			files = (
			);
			runOnlyForDeploymentPostprocessing = 0;
		};
/* End PBXFrameworksBuildPhase section */

/* Begin PBXGroup section */
		343E10B524859D980067F56C = {
			isa = PBXGroup;
			children = (
				343E13B72487A9860067F56C /* queries */,
				343E13852487A9670067F56C /* tree-sitter-html */,
				343E10C024859D980067F56C /* html */,
				343E10BF24859D980067F56C /* Products */,
			);
			sourceTree = "<group>";
		};
		343E10BF24859D980067F56C /* Products */ = {
			isa = PBXGroup;
			children = (
				343E10BE24859D980067F56C /* html.bundle */,
			);
			name = Products;
			sourceTree = "<group>";
		};
		343E10C024859D980067F56C /* html */ = {
			isa = PBXGroup;
			children = (
				343E10C724859DA80067F56C /* info.plist */,
			);
			path = html;
			sourceTree = "<group>";
		};
		343E13852487A9670067F56C /* tree-sitter-html */ = {
			isa = PBXGroup;
			children = (
				343E13862487A9670067F56C /* .npmignore */,
				343E13872487A9670067F56C /* grammar.js */,
				343E13882487A9670067F56C /* LICENSE */,
				343E13892487A9670067F56C /* binding.gyp */,
				343E138A2487A9670067F56C /* corpus */,
				343E138C2487A9670067F56C /* queries */,
				343E138F2487A9670067F56C /* index.js */,
				343E13902487A9670067F56C /* .appveyor.yml */,
				343E13912487A9670067F56C /* README.md */,
				343E13922487A9670067F56C /* .gitignore */,
				343E13932487A9670067F56C /* package.json */,
				343E13942487A9670067F56C /* examples */,
				343E13972487A9670067F56C /* .gitattributes */,
				343E13982487A9670067F56C /* .travis.yml */,
				343E13992487A9670067F56C /* src */,
			);
			path = "tree-sitter-html";
			sourceTree = "<group>";
		};
		343E138A2487A9670067F56C /* corpus */ = {
			isa = PBXGroup;
			children = (
				343E138B2487A9670067F56C /* main.txt */,
			);
			path = corpus;
			sourceTree = "<group>";
		};
		343E138C2487A9670067F56C /* queries */ = {
			isa = PBXGroup;
			children = (
				343E138D2487A9670067F56C /* highlights.scm */,
				343E138E2487A9670067F56C /* injections.scm */,
			);
			path = queries;
			sourceTree = "<group>";
		};
		343E13942487A9670067F56C /* examples */ = {
			isa = PBXGroup;
			children = (
				343E13952487A9670067F56C /* deeply-nested.html */,
				343E13962487A9670067F56C /* deeply-nested-custom.html */,
			);
			path = examples;
			sourceTree = "<group>";
		};
		343E13992487A9670067F56C /* src */ = {
			isa = PBXGroup;
			children = (
				343E139A2487A9670067F56C /* binding.cc */,
				343E139B2487A9670067F56C /* tag.h */,
				343E139C2487A9670067F56C /* node-types.json */,
				343E139D2487A9670067F56C /* tree_sitter */,
				343E139F2487A9670067F56C /* grammar.json */,
				343E13A02487A9670067F56C /* scanner.cc */,
				343E13A12487A9670067F56C /* parser.c */,
			);
			path = src;
			sourceTree = "<group>";
		};
		343E139D2487A9670067F56C /* tree_sitter */ = {
			isa = PBXGroup;
			children = (
				343E139E2487A9670067F56C /* parser.h */,
			);
			path = tree_sitter;
			sourceTree = "<group>";
		};
/* End PBXGroup section */

/* Begin PBXNativeTarget section */
		343E10BD24859D980067F56C /* html */ = {
			isa = PBXNativeTarget;
			buildConfigurationList = 343E10C424859D980067F56C /* Build configuration list for PBXNativeTarget "html" */;
			buildPhases = (
				343E10BA24859D980067F56C /* Sources */,
				343E10BB24859D980067F56C /* Frameworks */,
				343E10BC24859D980067F56C /* Resources */,
			);
			buildRules = (
			);
			dependencies = (
			);
			name = html;
			productName = html;
			productReference = 343E10BE24859D980067F56C /* html.bundle */;
			productType = "com.apple.product-type.bundle";
		};
/* End PBXNativeTarget section */

/* Begin PBXProject section */
		343E10B624859D980067F56C /* Project object */ = {
			isa = PBXProject;
			attributes = {
				LastUpgradeCheck = 1150;
				ORGANIZATIONNAME = viktorstrate;
				TargetAttributes = {
					343E10BD24859D980067F56C = {
						CreatedOnToolsVersion = 11.5;
					};
				};
			};
			buildConfigurationList = 343E10B924859D980067F56C /* Build configuration list for PBXProject "html" */;
			compatibilityVersion = "Xcode 9.3";
			developmentRegion = en;
			hasScannedForEncodings = 0;
			knownRegions = (
				en,
				Base,
			);
			mainGroup = 343E10B524859D980067F56C;
			productRefGroup = 343E10BF24859D980067F56C /* Products */;
			projectDirPath = "";
			projectRoot = "";
			targets = (
				343E10BD24859D980067F56C /* html */,
			);
		};
/* End PBXProject section */

/* Begin PBXResourcesBuildPhase section */
		343E10BC24859D980067F56C /* Resources */ = {
			isa = PBXResourcesBuildPhase;
			buildActionMask = 2147483647;
			files = (
				343E13B82487A9860067F56C /* queries in Resources */,
			);
			runOnlyForDeploymentPostprocessing = 0;
		};
/* End PBXResourcesBuildPhase section */

/* Begin PBXSourcesBuildPhase section */
		343E10BA24859D980067F56C /* Sources */ = {
			isa = PBXSourcesBuildPhase;
			buildActionMask = 2147483647;
			files = (
				343E13B62487A9670067F56C /* parser.c in Sources */,
				343E13B92487A9950067F56C /* scanner.cc in Sources */,
			);
			runOnlyForDeploymentPostprocessing = 0;
		};
/* End PBXSourcesBuildPhase section */

/* Begin XCBuildConfiguration section */
		343E10C224859D980067F56C /* Debug */ = {
			isa = XCBuildConfiguration;
			buildSettings = {
				ALWAYS_SEARCH_USER_PATHS = NO;
				CLANG_ANALYZER_NONNULL = YES;
				CLANG_ANALYZER_NUMBER_OBJECT_CONVERSION = YES_AGGRESSIVE;
				CLANG_CXX_LANGUAGE_STANDARD = "gnu++14";
				CLANG_CXX_LIBRARY = "libc++";
				CLANG_ENABLE_MODULES = YES;
				CLANG_ENABLE_OBJC_ARC = YES;
				CLANG_ENABLE_OBJC_WEAK = YES;
				CLANG_WARN_BLOCK_CAPTURE_AUTORELEASING = YES;
				CLANG_WARN_BOOL_CONVERSION = YES;
				CLANG_WARN_COMMA = YES;
				CLANG_WARN_CONSTANT_CONVERSION = YES;
				CLANG_WARN_DEPRECATED_OBJC_IMPLEMENTATIONS = YES;
				CLANG_WARN_DIRECT_OBJC_ISA_USAGE = YES_ERROR;
				CLANG_WARN_DOCUMENTATION_COMMENTS = YES;
				CLANG_WARN_EMPTY_BODY = YES;
				CLANG_WARN_ENUM_CONVERSION = YES;
				CLANG_WARN_INFINITE_RECURSION = YES;
				CLANG_WARN_INT_CONVERSION = YES;
				CLANG_WARN_NON_LITERAL_NULL_CONVERSION = YES;
				CLANG_WARN_OBJC_IMPLICIT_RETAIN_SELF = YES;
				CLANG_WARN_OBJC_LITERAL_CONVERSION = YES;
				CLANG_WARN_OBJC_ROOT_CLASS = YES_ERROR;
				CLANG_WARN_RANGE_LOOP_ANALYSIS = YES;
				CLANG_WARN_STRICT_PROTOTYPES = YES;
				CLANG_WARN_SUSPICIOUS_MOVE = YES;
				CLANG_WARN_UNGUARDED_AVAILABILITY = YES_AGGRESSIVE;
				CLANG_WARN_UNREACHABLE_CODE = YES;
				CLANG_WARN__DUPLICATE_METHOD_MATCH = YES;
				COPY_PHASE_STRIP = NO;
				DEBUG_INFORMATION_FORMAT = dwarf;
				ENABLE_STRICT_OBJC_MSGSEND = YES;
				ENABLE_TESTABILITY = YES;
				GCC_C_LANGUAGE_STANDARD = gnu11;
				GCC_DYNAMIC_NO_PIC = NO;
				GCC_NO_COMMON_BLOCKS = YES;
				GCC_OPTIMIZATION_LEVEL = 0;
				GCC_PREPROCESSOR_DEFINITIONS = (
					"DEBUG=1",
					"$(inherited)",
				);
				GCC_WARN_64_TO_32_BIT_CONVERSION = YES;
				GCC_WARN_ABOUT_RETURN_TYPE = YES_ERROR;
				GCC_WARN_UNDECLARED_SELECTOR = YES;
				GCC_WARN_UNINITIALIZED_AUTOS = YES_AGGRESSIVE;
				GCC_WARN_UNUSED_FUNCTION = YES;
				GCC_WARN_UNUSED_VARIABLE = YES;
				MACOSX_DEPLOYMENT_TARGET = 10.15;
				MTL_ENABLE_DEBUG_INFO = INCLUDE_SOURCE;
				MTL_FAST_MATH = YES;
				ONLY_ACTIVE_ARCH = YES;
				SDKROOT = macosx;
			};
			name = Debug;
		};
		343E10C324859D980067F56C /* Release */ = {
			isa = XCBuildConfiguration;
			buildSettings = {
				ALWAYS_SEARCH_USER_PATHS = NO;
				CLANG_ANALYZER_NONNULL = YES;
				CLANG_ANALYZER_NUMBER_OBJECT_CONVERSION = YES_AGGRESSIVE;
				CLANG_CXX_LANGUAGE_STANDARD = "gnu++14";
				CLANG_CXX_LIBRARY = "libc++";
				CLANG_ENABLE_MODULES = YES;
				CLANG_ENABLE_OBJC_ARC = YES;
				CLANG_ENABLE_OBJC_WEAK = YES;
				CLANG_WARN_BLOCK_CAPTURE_AUTORELEASING = YES;
				CLANG_WARN_BOOL_CONVERSION = YES;
				CLANG_WARN_COMMA = YES;
				CLANG_WARN_CONSTANT_CONVERSION = YES;
				CLANG_WARN_DEPRECATED_OBJC_IMPLEMENTATIONS = YES;
				CLANG_WARN_DIRECT_OBJC_ISA_USAGE = YES_ERROR;
				CLANG_WARN_DOCUMENTATION_COMMENTS = YES;
				CLANG_WARN_EMPTY_BODY = YES;
				CLANG_WARN_ENUM_CONVERSION = YES;
				CLANG_WARN_INFINITE_RECURSION = YES;
				CLANG_WARN_INT_CONVERSION = YES;
				CLANG_WARN_NON_LITERAL_NULL_CONVERSION = YES;
				CLANG_WARN_OBJC_IMPLICIT_RETAIN_SELF = YES;
				CLANG_WARN_OBJC_LITERAL_CONVERSION = YES;
				CLANG_WARN_OBJC_ROOT_CLASS = YES_ERROR;
				CLANG_WARN_RANGE_LOOP_ANALYSIS = YES;
				CLANG_WARN_STRICT_PROTOTYPES = YES;
				CLANG_WARN_SUSPICIOUS_MOVE = YES;
				CLANG_WARN_UNGUARDED_AVAILABILITY = YES_AGGRESSIVE;
				CLANG_WARN_UNREACHABLE_CODE = YES;
				CLANG_WARN__DUPLICATE_METHOD_MATCH = YES;
				COPY_PHASE_STRIP = NO;
				DEBUG_INFORMATION_FORMAT = "dwarf-with-dsym";
				ENABLE_NS_ASSERTIONS = NO;
				ENABLE_STRICT_OBJC_MSGSEND = YES;
				GCC_C_LANGUAGE_STANDARD = gnu11;
				GCC_NO_COMMON_BLOCKS = YES;
				GCC_WARN_64_TO_32_BIT_CONVERSION = YES;
				GCC_WARN_ABOUT_RETURN_TYPE = YES_ERROR;
				GCC_WARN_UNDECLARED_SELECTOR = YES;
				GCC_WARN_UNINITIALIZED_AUTOS = YES_AGGRESSIVE;
				GCC_WARN_UNUSED_FUNCTION = YES;
				GCC_WARN_UNUSED_VARIABLE = YES;
				MACOSX_DEPLOYMENT_TARGET = 10.15;
				MTL_ENABLE_DEBUG_INFO = NO;
				MTL_FAST_MATH = YES;
				SDKROOT = macosx;
			};
			name = Release;
		};
		343E10C524859D980067F56C /* Debug */ = {
			isa = XCBuildConfiguration;
			buildSettings = {
				CODE_SIGN_STYLE = Automatic;
				COMBINE_HIDPI_IMAGES = YES;
				HEADER_SEARCH_PATHS = "$PROJECT_DIR/tree-sitter-html/src";
				INFOPLIST_FILE = html/Info.plist;
				INSTALL_PATH = "$(LOCAL_LIBRARY_DIR)/Bundles";
				PRODUCT_BUNDLE_IDENTIFIER = io.github.viktorstrate.SwiftTreeSitter.language.html;
				PRODUCT_NAME = "$(TARGET_NAME)";
				SKIP_INSTALL = YES;
				SUPPORTED_PLATFORMS = "macosx iphoneos iphonesimulator";
				VALID_ARCHS = "i386 x86_64 arm64 armv7 armv7s";
				WRAPPER_EXTENSION = bundle;
			};
			name = Debug;
		};
		343E10C624859D980067F56C /* Release */ = {
			isa = XCBuildConfiguration;
			buildSettings = {
				CODE_SIGN_STYLE = Automatic;
				COMBINE_HIDPI_IMAGES = YES;
				HEADER_SEARCH_PATHS = "$PROJECT_DIR/tree-sitter-html/src";
				INFOPLIST_FILE = html/Info.plist;
				INSTALL_PATH = "$(LOCAL_LIBRARY_DIR)/Bundles";
				PRODUCT_BUNDLE_IDENTIFIER = io.github.viktorstrate.SwiftTreeSitter.language.html;
				PRODUCT_NAME = "$(TARGET_NAME)";
				SKIP_INSTALL = YES;
				SUPPORTED_PLATFORMS = "macosx iphoneos iphonesimulator";
				VALID_ARCHS = "i386 x86_64 arm64 armv7 armv7s";
				WRAPPER_EXTENSION = bundle;
			};
			name = Release;
		};
/* End XCBuildConfiguration section */

/* Begin XCConfigurationList section */
		343E10B924859D980067F56C /* Build configuration list for PBXProject "html" */ = {
			isa = XCConfigurationList;
			buildConfigurations = (
				343E10C224859D980067F56C /* Debug */,
				343E10C324859D980067F56C /* Release */,
			);
			defaultConfigurationIsVisible = 0;
			defaultConfigurationName = Release;
		};
		343E10C424859D980067F56C /* Build configuration list for PBXNativeTarget "html" */ = {
			isa = XCConfigurationList;
			buildConfigurations = (
				343E10C524859D980067F56C /* Debug */,
				343E10C624859D980067F56C /* Release */,
			);
			defaultConfigurationIsVisible = 0;
			defaultConfigurationName = Release;
		};
/* End XCConfigurationList section */
	};
	rootObject = 343E10B624859D980067F56C /* Project object */;
}
