// !$*UTF8*$!
{
	archiveVersion = 1;
	classes = {
	};
	objectVersion = 50;
	objects = {

/* Begin PBXBuildFile section */
		343E137A2487A8D30067F56C /* scanner.c in Sources */ = {isa = PBXBuildFile; fileRef = 343E13622487A8D30067F56C /* scanner.c */; };
		343E137E2487A8D30067F56C /* parser.c in Sources */ = {isa = PBXBuildFile; fileRef = 343E13682487A8D30067F56C /* parser.c */; };
		343E13BB2487A9C40067F56C /* queries in Resources */ = {isa = PBXBuildFile; fileRef = 343E13BA2487A9C40067F56C /* queries */; };
/* End PBXBuildFile section */

/* Begin PBXFileReference section */
		343E10A324859D3E0067F56C /* css.bundle */ = {isa = PBXFileReference; explicitFileType = wrapper.cfbundle; includeInIndex = 0; path = css.bundle; sourceTree = BUILT_PRODUCTS_DIR; };
		343E10AE24859D500067F56C /* info.plist */ = {isa = PBXFileReference; fileEncoding = 4; lastKnownFileType = text.plist.xml; path = info.plist; sourceTree = "<group>"; };
		343E134D2487A8D30067F56C /* grammar.js */ = {isa = PBXFileReference; fileEncoding = 4; lastKnownFileType = sourcecode.javascript; path = grammar.js; sourceTree = "<group>"; };
		343E134E2487A8D30067F56C /* LICENSE */ = {isa = PBXFileReference; fileEncoding = 4; lastKnownFileType = text; path = LICENSE; sourceTree = "<group>"; };
		343E134F2487A8D30067F56C /* binding.gyp */ = {isa = PBXFileReference; fileEncoding = 4; lastKnownFileType = text; path = binding.gyp; sourceTree = "<group>"; };
		343E13512487A8D30067F56C /* stylesheets.txt */ = {isa = PBXFileReference; fileEncoding = 4; lastKnownFileType = text; path = stylesheets.txt; sourceTree = "<group>"; };
		343E13522487A8D30067F56C /* selectors.txt */ = {isa = PBXFileReference; fileEncoding = 4; lastKnownFileType = text; path = selectors.txt; sourceTree = "<group>"; };
		343E13532487A8D30067F56C /* declarations.txt */ = {isa = PBXFileReference; fileEncoding = 4; lastKnownFileType = text; path = declarations.txt; sourceTree = "<group>"; };
		343E13542487A8D30067F56C /* statements.txt */ = {isa = PBXFileReference; fileEncoding = 4; lastKnownFileType = text; path = statements.txt; sourceTree = "<group>"; };
		343E13562487A8D30067F56C /* highlights.scm */ = {isa = PBXFileReference; fileEncoding = 4; lastKnownFileType = text; path = highlights.scm; sourceTree = "<group>"; };
		343E13572487A8D30067F56C /* index.js */ = {isa = PBXFileReference; fileEncoding = 4; lastKnownFileType = sourcecode.javascript; path = index.js; sourceTree = "<group>"; };
		343E13582487A8D30067F56C /* .appveyor.yml */ = {isa = PBXFileReference; fileEncoding = 4; lastKnownFileType = text.yaml; path = .appveyor.yml; sourceTree = "<group>"; };
		343E13592487A8D30067F56C /* README.md */ = {isa = PBXFileReference; fileEncoding = 4; lastKnownFileType = net.daringfireball.markdown; path = README.md; sourceTree = "<group>"; };
		343E135A2487A8D30067F56C /* .gitignore */ = {isa = PBXFileReference; fileEncoding = 4; lastKnownFileType = text; path = .gitignore; sourceTree = "<group>"; };
		343E135B2487A8D30067F56C /* package.json */ = {isa = PBXFileReference; fileEncoding = 4; lastKnownFileType = text.json; path = package.json; sourceTree = "<group>"; };
		343E135D2487A8D30067F56C /* github.com.css */ = {isa = PBXFileReference; fileEncoding = 4; lastKnownFileType = text.css; path = github.com.css; sourceTree = "<group>"; };
		343E135E2487A8D30067F56C /* atom.io.css */ = {isa = PBXFileReference; fileEncoding = 4; lastKnownFileType = text.css; path = atom.io.css; sourceTree = "<group>"; };
		343E135F2487A8D30067F56C /* .gitattributes */ = {isa = PBXFileReference; fileEncoding = 4; lastKnownFileType = text; path = .gitattributes; sourceTree = "<group>"; };
		343E13602487A8D30067F56C /* .travis.yml */ = {isa = PBXFileReference; fileEncoding = 4; lastKnownFileType = text.yaml; path = .travis.yml; sourceTree = "<group>"; };
		343E13622487A8D30067F56C /* scanner.c */ = {isa = PBXFileReference; fileEncoding = 4; lastKnownFileType = sourcecode.c.c; path = scanner.c; sourceTree = "<group>"; };
		343E13632487A8D30067F56C /* binding.cc */ = {isa = PBXFileReference; fileEncoding = 4; lastKnownFileType = sourcecode.cpp.cpp; path = binding.cc; sourceTree = "<group>"; };
		343E13642487A8D30067F56C /* node-types.json */ = {isa = PBXFileReference; fileEncoding = 4; lastKnownFileType = text.json; path = "node-types.json"; sourceTree = "<group>"; };
		343E13662487A8D30067F56C /* parser.h */ = {isa = PBXFileReference; fileEncoding = 4; lastKnownFileType = sourcecode.c.h; path = parser.h; sourceTree = "<group>"; };
		343E13672487A8D30067F56C /* grammar.json */ = {isa = PBXFileReference; fileEncoding = 4; lastKnownFileType = text.json; path = grammar.json; sourceTree = "<group>"; };
		343E13682487A8D30067F56C /* parser.c */ = {isa = PBXFileReference; fileEncoding = 4; lastKnownFileType = sourcecode.c.c; path = parser.c; sourceTree = "<group>"; };
		343E13BA2487A9C40067F56C /* queries */ = {isa = PBXFileReference; lastKnownFileType = folder; name = queries; path = "tree-sitter-css/queries"; sourceTree = "<group>"; };
/* End PBXFileReference section */

/* Begin PBXFrameworksBuildPhase section */
		343E10A024859D3E0067F56C /* Frameworks */ = {
			isa = PBXFrameworksBuildPhase;
			buildActionMask = 2147483647;
			files = (
			);
			runOnlyForDeploymentPostprocessing = 0;
		};
/* End PBXFrameworksBuildPhase section */

/* Begin PBXGroup section */
		343E109A24859D3E0067F56C = {
			isa = PBXGroup;
			children = (
				343E13BA2487A9C40067F56C /* queries */,
				343E134C2487A8D30067F56C /* tree-sitter-css */,
				343E10A524859D3E0067F56C /* css */,
				343E10A424859D3E0067F56C /* Products */,
			);
			sourceTree = "<group>";
		};
		343E10A424859D3E0067F56C /* Products */ = {
			isa = PBXGroup;
			children = (
				343E10A324859D3E0067F56C /* css.bundle */,
			);
			name = Products;
			sourceTree = "<group>";
		};
		343E10A524859D3E0067F56C /* css */ = {
			isa = PBXGroup;
			children = (
				343E10AE24859D500067F56C /* info.plist */,
			);
			path = css;
			sourceTree = "<group>";
		};
		343E134C2487A8D30067F56C /* tree-sitter-css */ = {
			isa = PBXGroup;
			children = (
				343E134D2487A8D30067F56C /* grammar.js */,
				343E134E2487A8D30067F56C /* LICENSE */,
				343E134F2487A8D30067F56C /* binding.gyp */,
				343E13502487A8D30067F56C /* corpus */,
				343E13552487A8D30067F56C /* queries */,
				343E13572487A8D30067F56C /* index.js */,
				343E13582487A8D30067F56C /* .appveyor.yml */,
				343E13592487A8D30067F56C /* README.md */,
				343E135A2487A8D30067F56C /* .gitignore */,
				343E135B2487A8D30067F56C /* package.json */,
				343E135C2487A8D30067F56C /* examples */,
				343E135F2487A8D30067F56C /* .gitattributes */,
				343E13602487A8D30067F56C /* .travis.yml */,
				343E13612487A8D30067F56C /* src */,
			);
			path = "tree-sitter-css";
			sourceTree = "<group>";
		};
		343E13502487A8D30067F56C /* corpus */ = {
			isa = PBXGroup;
			children = (
				343E13512487A8D30067F56C /* stylesheets.txt */,
				343E13522487A8D30067F56C /* selectors.txt */,
				343E13532487A8D30067F56C /* declarations.txt */,
				343E13542487A8D30067F56C /* statements.txt */,
			);
			path = corpus;
			sourceTree = "<group>";
		};
		343E13552487A8D30067F56C /* queries */ = {
			isa = PBXGroup;
			children = (
				343E13562487A8D30067F56C /* highlights.scm */,
			);
			path = queries;
			sourceTree = "<group>";
		};
		343E135C2487A8D30067F56C /* examples */ = {
			isa = PBXGroup;
			children = (
				343E135D2487A8D30067F56C /* github.com.css */,
				343E135E2487A8D30067F56C /* atom.io.css */,
			);
			path = examples;
			sourceTree = "<group>";
		};
		343E13612487A8D30067F56C /* src */ = {
			isa = PBXGroup;
			children = (
				343E13622487A8D30067F56C /* scanner.c */,
				343E13632487A8D30067F56C /* binding.cc */,
				343E13642487A8D30067F56C /* node-types.json */,
				343E13652487A8D30067F56C /* tree_sitter */,
				343E13672487A8D30067F56C /* grammar.json */,
				343E13682487A8D30067F56C /* parser.c */,
			);
			path = src;
			sourceTree = "<group>";
		};
		343E13652487A8D30067F56C /* tree_sitter */ = {
			isa = PBXGroup;
			children = (
				343E13662487A8D30067F56C /* parser.h */,
			);
			path = tree_sitter;
			sourceTree = "<group>";
		};
/* End PBXGroup section */

/* Begin PBXNativeTarget section */
		343E10A224859D3E0067F56C /* css */ = {
			isa = PBXNativeTarget;
			buildConfigurationList = 343E10A924859D3E0067F56C /* Build configuration list for PBXNativeTarget "css" */;
			buildPhases = (
				343E109F24859D3E0067F56C /* Sources */,
				343E10A024859D3E0067F56C /* Frameworks */,
				343E10A124859D3E0067F56C /* Resources */,
			);
			buildRules = (
			);
			dependencies = (
			);
			name = css;
			productName = css;
			productReference = 343E10A324859D3E0067F56C /* css.bundle */;
			productType = "com.apple.product-type.bundle";
		};
/* End PBXNativeTarget section */

/* Begin PBXProject section */
		343E109B24859D3E0067F56C /* Project object */ = {
			isa = PBXProject;
			attributes = {
				LastUpgradeCheck = 1150;
				ORGANIZATIONNAME = viktorstrate;
				TargetAttributes = {
					343E10A224859D3E0067F56C = {
						CreatedOnToolsVersion = 11.5;
					};
				};
			};
			buildConfigurationList = 343E109E24859D3E0067F56C /* Build configuration list for PBXProject "css" */;
			compatibilityVersion = "Xcode 9.3";
			developmentRegion = en;
			hasScannedForEncodings = 0;
			knownRegions = (
				en,
				Base,
			);
			mainGroup = 343E109A24859D3E0067F56C;
			productRefGroup = 343E10A424859D3E0067F56C /* Products */;
			projectDirPath = "";
			projectRoot = "";
			targets = (
				343E10A224859D3E0067F56C /* css */,
			);
		};
/* End PBXProject section */

/* Begin PBXResourcesBuildPhase section */
		343E10A124859D3E0067F56C /* Resources */ = {
			isa = PBXResourcesBuildPhase;
			buildActionMask = 2147483647;
			files = (
				343E13BB2487A9C40067F56C /* queries in Resources */,
			);
			runOnlyForDeploymentPostprocessing = 0;
		};
/* End PBXResourcesBuildPhase section */

/* Begin PBXSourcesBuildPhase section */
		343E109F24859D3E0067F56C /* Sources */ = {
			isa = PBXSourcesBuildPhase;
			buildActionMask = 2147483647;
			files = (
				343E137A2487A8D30067F56C /* scanner.c in Sources */,
				343E137E2487A8D30067F56C /* parser.c in Sources */,
			);
			runOnlyForDeploymentPostprocessing = 0;
		};
/* End PBXSourcesBuildPhase section */

/* Begin XCBuildConfiguration section */
		343E10A724859D3E0067F56C /* Debug */ = {
			isa = XCBuildConfiguration;
			buildSettings = {
				ALWAYS_SEARCH_USER_PATHS = NO;
				CLANG_ANALYZER_NONNULL = YES;
				CLANG_ANALYZER_NUMBER_OBJECT_CONVERSION = YES_AGGRESSIVE;
				CLANG_CXX_LANGUAGE_STANDARD = "gnu++14";
				CLANG_CXX_LIBRARY = "libc++";
				CLANG_ENABLE_MODULES = YES;
				CLANG_ENABLE_OBJC_ARC = YES;
				CLANG_ENABLE_OBJC_WEAK = YES;
				CLANG_WARN_BLOCK_CAPTURE_AUTORELEASING = YES;
				CLANG_WARN_BOOL_CONVERSION = YES;
				CLANG_WARN_COMMA = YES;
				CLANG_WARN_CONSTANT_CONVERSION = YES;
				CLANG_WARN_DEPRECATED_OBJC_IMPLEMENTATIONS = YES;
				CLANG_WARN_DIRECT_OBJC_ISA_USAGE = YES_ERROR;
				CLANG_WARN_DOCUMENTATION_COMMENTS = YES;
				CLANG_WARN_EMPTY_BODY = YES;
				CLANG_WARN_ENUM_CONVERSION = YES;
				CLANG_WARN_INFINITE_RECURSION = YES;
				CLANG_WARN_INT_CONVERSION = YES;
				CLANG_WARN_NON_LITERAL_NULL_CONVERSION = YES;
				CLANG_WARN_OBJC_IMPLICIT_RETAIN_SELF = YES;
				CLANG_WARN_OBJC_LITERAL_CONVERSION = YES;
				CLANG_WARN_OBJC_ROOT_CLASS = YES_ERROR;
				CLANG_WARN_RANGE_LOOP_ANALYSIS = YES;
				CLANG_WARN_STRICT_PROTOTYPES = YES;
				CLANG_WARN_SUSPICIOUS_MOVE = YES;
				CLANG_WARN_UNGUARDED_AVAILABILITY = YES_AGGRESSIVE;
				CLANG_WARN_UNREACHABLE_CODE = YES;
				CLANG_WARN__DUPLICATE_METHOD_MATCH = YES;
				COPY_PHASE_STRIP = NO;
				DEBUG_INFORMATION_FORMAT = dwarf;
				ENABLE_STRICT_OBJC_MSGSEND = YES;
				ENABLE_TESTABILITY = YES;
				GCC_C_LANGUAGE_STANDARD = gnu11;
				GCC_DYNAMIC_NO_PIC = NO;
				GCC_NO_COMMON_BLOCKS = YES;
				GCC_OPTIMIZATION_LEVEL = 0;
				GCC_PREPROCESSOR_DEFINITIONS = (
					"DEBUG=1",
					"$(inherited)",
				);
				GCC_WARN_64_TO_32_BIT_CONVERSION = YES;
				GCC_WARN_ABOUT_RETURN_TYPE = YES_ERROR;
				GCC_WARN_UNDECLARED_SELECTOR = YES;
				GCC_WARN_UNINITIALIZED_AUTOS = YES_AGGRESSIVE;
				GCC_WARN_UNUSED_FUNCTION = YES;
				GCC_WARN_UNUSED_VARIABLE = YES;
				MACOSX_DEPLOYMENT_TARGET = 10.15;
				MTL_ENABLE_DEBUG_INFO = INCLUDE_SOURCE;
				MTL_FAST_MATH = YES;
				ONLY_ACTIVE_ARCH = YES;
				SDKROOT = macosx;
			};
			name = Debug;
		};
		343E10A824859D3E0067F56C /* Release */ = {
			isa = XCBuildConfiguration;
			buildSettings = {
				ALWAYS_SEARCH_USER_PATHS = NO;
				CLANG_ANALYZER_NONNULL = YES;
				CLANG_ANALYZER_NUMBER_OBJECT_CONVERSION = YES_AGGRESSIVE;
				CLANG_CXX_LANGUAGE_STANDARD = "gnu++14";
				CLANG_CXX_LIBRARY = "libc++";
				CLANG_ENABLE_MODULES = YES;
				CLANG_ENABLE_OBJC_ARC = YES;
				CLANG_ENABLE_OBJC_WEAK = YES;
				CLANG_WARN_BLOCK_CAPTURE_AUTORELEASING = YES;
				CLANG_WARN_BOOL_CONVERSION = YES;
				CLANG_WARN_COMMA = YES;
				CLANG_WARN_CONSTANT_CONVERSION = YES;
				CLANG_WARN_DEPRECATED_OBJC_IMPLEMENTATIONS = YES;
				CLANG_WARN_DIRECT_OBJC_ISA_USAGE = YES_ERROR;
				CLANG_WARN_DOCUMENTATION_COMMENTS = YES;
				CLANG_WARN_EMPTY_BODY = YES;
				CLANG_WARN_ENUM_CONVERSION = YES;
				CLANG_WARN_INFINITE_RECURSION = YES;
				CLANG_WARN_INT_CONVERSION = YES;
				CLANG_WARN_NON_LITERAL_NULL_CONVERSION = YES;
				CLANG_WARN_OBJC_IMPLICIT_RETAIN_SELF = YES;
				CLANG_WARN_OBJC_LITERAL_CONVERSION = YES;
				CLANG_WARN_OBJC_ROOT_CLASS = YES_ERROR;
				CLANG_WARN_RANGE_LOOP_ANALYSIS = YES;
				CLANG_WARN_STRICT_PROTOTYPES = YES;
				CLANG_WARN_SUSPICIOUS_MOVE = YES;
				CLANG_WARN_UNGUARDED_AVAILABILITY = YES_AGGRESSIVE;
				CLANG_WARN_UNREACHABLE_CODE = YES;
				CLANG_WARN__DUPLICATE_METHOD_MATCH = YES;
				COPY_PHASE_STRIP = NO;
				DEBUG_INFORMATION_FORMAT = "dwarf-with-dsym";
				ENABLE_NS_ASSERTIONS = NO;
				ENABLE_STRICT_OBJC_MSGSEND = YES;
				GCC_C_LANGUAGE_STANDARD = gnu11;
				GCC_NO_COMMON_BLOCKS = YES;
				GCC_WARN_64_TO_32_BIT_CONVERSION = YES;
				GCC_WARN_ABOUT_RETURN_TYPE = YES_ERROR;
				GCC_WARN_UNDECLARED_SELECTOR = YES;
				GCC_WARN_UNINITIALIZED_AUTOS = YES_AGGRESSIVE;
				GCC_WARN_UNUSED_FUNCTION = YES;
				GCC_WARN_UNUSED_VARIABLE = YES;
				MACOSX_DEPLOYMENT_TARGET = 10.15;
				MTL_ENABLE_DEBUG_INFO = NO;
				MTL_FAST_MATH = YES;
				SDKROOT = macosx;
			};
			name = Release;
		};
		343E10AA24859D3E0067F56C /* Debug */ = {
			isa = XCBuildConfiguration;
			buildSettings = {
				CODE_SIGN_STYLE = Automatic;
				COMBINE_HIDPI_IMAGES = YES;
				HEADER_SEARCH_PATHS = "$PROJECT_DIR/tree-sitter-css/src";
				INFOPLIST_FILE = css/Info.plist;
				INSTALL_PATH = "$(LOCAL_LIBRARY_DIR)/Bundles";
				PRODUCT_BUNDLE_IDENTIFIER = io.github.viktorstrate.SwiftTreeSitter.language.css;
				PRODUCT_NAME = "$(TARGET_NAME)";
				SKIP_INSTALL = YES;
				SUPPORTED_PLATFORMS = "macosx iphoneos iphonesimulator";
				VALID_ARCHS = "i386 x86_64 armv7s armv7 arm64";
				WRAPPER_EXTENSION = bundle;
			};
			name = Debug;
		};
		343E10AB24859D3E0067F56C /* Release */ = {
			isa = XCBuildConfiguration;
			buildSettings = {
				CODE_SIGN_STYLE = Automatic;
				COMBINE_HIDPI_IMAGES = YES;
				HEADER_SEARCH_PATHS = "$PROJECT_DIR/tree-sitter-css/src";
				INFOPLIST_FILE = css/Info.plist;
				INSTALL_PATH = "$(LOCAL_LIBRARY_DIR)/Bundles";
				PRODUCT_BUNDLE_IDENTIFIER = io.github.viktorstrate.SwiftTreeSitter.language.css;
				PRODUCT_NAME = "$(TARGET_NAME)";
				SKIP_INSTALL = YES;
				SUPPORTED_PLATFORMS = "macosx iphoneos iphonesimulator";
				VALID_ARCHS = "i386 x86_64 armv7s armv7 arm64";
				WRAPPER_EXTENSION = bundle;
			};
			name = Release;
		};
/* End XCBuildConfiguration section */

/* Begin XCConfigurationList section */
		343E109E24859D3E0067F56C /* Build configuration list for PBXProject "css" */ = {
			isa = XCConfigurationList;
			buildConfigurations = (
				343E10A724859D3E0067F56C /* Debug */,
				343E10A824859D3E0067F56C /* Release */,
			);
			defaultConfigurationIsVisible = 0;
			defaultConfigurationName = Release;
		};
		343E10A924859D3E0067F56C /* Build configuration list for PBXNativeTarget "css" */ = {
			isa = XCConfigurationList;
			buildConfigurations = (
				343E10AA24859D3E0067F56C /* Debug */,
				343E10AB24859D3E0067F56C /* Release */,
			);
			defaultConfigurationIsVisible = 0;
			defaultConfigurationName = Release;
		};
/* End XCConfigurationList section */
	};
	rootObject = 343E109B24859D3E0067F56C /* Project object */;
}
